// !$*UTF8*$!
{
	archiveVersion = 1;
	classes = {
	};
	objectVersion = 46;
	objects = {

/* Begin PBXBuildFile section */
		09CB91621A8CCB9100579D06 /* main.m in Sources */ = {isa = PBXBuildFile; fileRef = 09CB91611A8CCB9100579D06 /* main.m */; };
		09CB91651A8CCB9100579D06 /* AppDelegate.m in Sources */ = {isa = PBXBuildFile; fileRef = 09CB91641A8CCB9100579D06 /* AppDelegate.m */; };
		09CB91681A8CCB9100579D06 /* ViewController.m in Sources */ = {isa = PBXBuildFile; fileRef = 09CB91671A8CCB9100579D06 /* ViewController.m */; };
		09CB916B1A8CCB9100579D06 /* Main.storyboard in Resources */ = {isa = PBXBuildFile; fileRef = 09CB91691A8CCB9100579D06 /* Main.storyboard */; };
		09CB916D1A8CCB9100579D06 /* Images.xcassets in Resources */ = {isa = PBXBuildFile; fileRef = 09CB916C1A8CCB9100579D06 /* Images.xcassets */; };
		09CB91701A8CCB9100579D06 /* LaunchScreen.xib in Resources */ = {isa = PBXBuildFile; fileRef = 09CB916E1A8CCB9100579D06 /* LaunchScreen.xib */; };
		09CB917C1A8CCB9100579D06 /* FileListTests.m in Sources */ = {isa = PBXBuildFile; fileRef = 09CB917B1A8CCB9100579D06 /* FileListTests.m */; };
		09CB91871A8CFDA300579D06 /* APIController.m in Sources */ = {isa = PBXBuildFile; fileRef = 09CB91861A8CFDA300579D06 /* APIController.m */; };
/* End PBXBuildFile section */

/* Begin PBXContainerItemProxy section */
		09CB91761A8CCB9100579D06 /* PBXContainerItemProxy */ = {
			isa = PBXContainerItemProxy;
			containerPortal = 09CB91541A8CCB9100579D06 /* Project object */;
			proxyType = 1;
			remoteGlobalIDString = 09CB915B1A8CCB9100579D06;
			remoteInfo = FileList;
		};
/* End PBXContainerItemProxy section */

/* Begin PBXFileReference section */
		09CB915C1A8CCB9100579D06 /* FileList.app */ = {isa = PBXFileReference; explicitFileType = wrapper.application; includeInIndex = 0; path = FileList.app; sourceTree = BUILT_PRODUCTS_DIR; };
		09CB91601A8CCB9100579D06 /* Info.plist */ = {isa = PBXFileReference; lastKnownFileType = text.plist.xml; path = Info.plist; sourceTree = "<group>"; };
		09CB91611A8CCB9100579D06 /* main.m */ = {isa = PBXFileReference; lastKnownFileType = sourcecode.c.objc; path = main.m; sourceTree = "<group>"; };
		09CB91631A8CCB9100579D06 /* AppDelegate.h */ = {isa = PBXFileReference; lastKnownFileType = sourcecode.c.h; path = AppDelegate.h; sourceTree = "<group>"; };
		09CB91641A8CCB9100579D06 /* AppDelegate.m */ = {isa = PBXFileReference; lastKnownFileType = sourcecode.c.objc; path = AppDelegate.m; sourceTree = "<group>"; };
		09CB91661A8CCB9100579D06 /* ViewController.h */ = {isa = PBXFileReference; lastKnownFileType = sourcecode.c.h; path = ViewController.h; sourceTree = "<group>"; };
		09CB91671A8CCB9100579D06 /* ViewController.m */ = {isa = PBXFileReference; lastKnownFileType = sourcecode.c.objc; path = ViewController.m; sourceTree = "<group>"; };
		09CB916A1A8CCB9100579D06 /* Base */ = {isa = PBXFileReference; lastKnownFileType = file.storyboard; name = Base; path = Base.lproj/Main.storyboard; sourceTree = "<group>"; };
		09CB916C1A8CCB9100579D06 /* Images.xcassets */ = {isa = PBXFileReference; lastKnownFileType = folder.assetcatalog; path = Images.xcassets; sourceTree = "<group>"; };
		09CB916F1A8CCB9100579D06 /* Base */ = {isa = PBXFileReference; lastKnownFileType = file.xib; name = Base; path = Base.lproj/LaunchScreen.xib; sourceTree = "<group>"; };
		09CB91751A8CCB9100579D06 /* FileListTests.xctest */ = {isa = PBXFileReference; explicitFileType = wrapper.cfbundle; includeInIndex = 0; path = FileListTests.xctest; sourceTree = BUILT_PRODUCTS_DIR; };
		09CB917A1A8CCB9100579D06 /* Info.plist */ = {isa = PBXFileReference; lastKnownFileType = text.plist.xml; path = Info.plist; sourceTree = "<group>"; };
		09CB917B1A8CCB9100579D06 /* FileListTests.m */ = {isa = PBXFileReference; lastKnownFileType = sourcecode.c.objc; path = FileListTests.m; sourceTree = "<group>"; };
		09CB91851A8CFDA300579D06 /* APIController.h */ = {isa = PBXFileReference; fileEncoding = 4; lastKnownFileType = sourcecode.c.h; path = APIController.h; sourceTree = "<group>"; };
		09CB91861A8CFDA300579D06 /* APIController.m */ = {isa = PBXFileReference; fileEncoding = 4; lastKnownFileType = sourcecode.c.objc; path = APIController.m; sourceTree = "<group>"; };
/* End PBXFileReference section */

/* Begin PBXFrameworksBuildPhase section */
		09CB91591A8CCB9100579D06 /* Frameworks */ = {
			isa = PBXFrameworksBuildPhase;
			buildActionMask = 2147483647;
			files = (
			);
			runOnlyForDeploymentPostprocessing = 0;
		};
		09CB91721A8CCB9100579D06 /* Frameworks */ = {
			isa = PBXFrameworksBuildPhase;
			buildActionMask = 2147483647;
			files = (
			);
			runOnlyForDeploymentPostprocessing = 0;
		};
/* End PBXFrameworksBuildPhase section */

/* Begin PBXGroup section */
		09CB91531A8CCB9100579D06 = {
			isa = PBXGroup;
			children = (
				09CB915E1A8CCB9100579D06 /* FileList */,
				09CB91781A8CCB9100579D06 /* FileListTests */,
				09CB915D1A8CCB9100579D06 /* Products */,
			);
			sourceTree = "<group>";
		};
		09CB915D1A8CCB9100579D06 /* Products */ = {
			isa = PBXGroup;
			children = (
				09CB915C1A8CCB9100579D06 /* FileList.app */,
				09CB91751A8CCB9100579D06 /* FileListTests.xctest */,
			);
			name = Products;
			sourceTree = "<group>";
		};
		09CB915E1A8CCB9100579D06 /* FileList */ = {
			isa = PBXGroup;
			children = (
				09CB91631A8CCB9100579D06 /* AppDelegate.h */,
				09CB91641A8CCB9100579D06 /* AppDelegate.m */,
				09CB91661A8CCB9100579D06 /* ViewController.h */,
				09CB91671A8CCB9100579D06 /* ViewController.m */,
				09CB91691A8CCB9100579D06 /* Main.storyboard */,
				09CB916C1A8CCB9100579D06 /* Images.xcassets */,
				09CB916E1A8CCB9100579D06 /* LaunchScreen.xib */,
				09CB915F1A8CCB9100579D06 /* Supporting Files */,
				09CB91851A8CFDA300579D06 /* APIController.h */,
				09CB91861A8CFDA300579D06 /* APIController.m */,
			);
			path = FileList;
			sourceTree = "<group>";
		};
		09CB915F1A8CCB9100579D06 /* Supporting Files */ = {
			isa = PBXGroup;
			children = (
				09CB91601A8CCB9100579D06 /* Info.plist */,
				09CB91611A8CCB9100579D06 /* main.m */,
			);
			name = "Supporting Files";
			sourceTree = "<group>";
		};
		09CB91781A8CCB9100579D06 /* FileListTests */ = {
			isa = PBXGroup;
			children = (
				09CB917B1A8CCB9100579D06 /* FileListTests.m */,
				09CB91791A8CCB9100579D06 /* Supporting Files */,
			);
			path = FileListTests;
			sourceTree = "<group>";
		};
		09CB91791A8CCB9100579D06 /* Supporting Files */ = {
			isa = PBXGroup;
			children = (
				09CB917A1A8CCB9100579D06 /* Info.plist */,
			);
			name = "Supporting Files";
			sourceTree = "<group>";
		};
/* End PBXGroup section */

/* Begin PBXNativeTarget section */
		09CB915B1A8CCB9100579D06 /* FileList */ = {
			isa = PBXNativeTarget;
			buildConfigurationList = 09CB917F1A8CCB9100579D06 /* Build configuration list for PBXNativeTarget "FileList" */;
			buildPhases = (
				09CB91581A8CCB9100579D06 /* Sources */,
				09CB91591A8CCB9100579D06 /* Frameworks */,
				09CB915A1A8CCB9100579D06 /* Resources */,
			);
			buildRules = (
			);
			dependencies = (
			);
			name = FileList;
			productName = FileList;
			productReference = 09CB915C1A8CCB9100579D06 /* FileList.app */;
			productType = "com.apple.product-type.application";
		};
		09CB91741A8CCB9100579D06 /* FileListTests */ = {
			isa = PBXNativeTarget;
			buildConfigurationList = 09CB91821A8CCB9100579D06 /* Build configuration list for PBXNativeTarget "FileListTests" */;
			buildPhases = (
				09CB91711A8CCB9100579D06 /* Sources */,
				09CB91721A8CCB9100579D06 /* Frameworks */,
				09CB91731A8CCB9100579D06 /* Resources */,
			);
			buildRules = (
			);
			dependencies = (
				09CB91771A8CCB9100579D06 /* PBXTargetDependency */,
			);
			name = FileListTests;
			productName = FileListTests;
			productReference = 09CB91751A8CCB9100579D06 /* FileListTests.xctest */;
			productType = "com.apple.product-type.bundle.unit-test";
		};
/* End PBXNativeTarget section */

/* Begin PBXProject section */
		09CB91541A8CCB9100579D06 /* Project object */ = {
			isa = PBXProject;
			attributes = {
				LastUpgradeCheck = 0610;
				ORGANIZATIONNAME = grizzly;
				TargetAttributes = {
					09CB915B1A8CCB9100579D06 = {
						CreatedOnToolsVersion = 6.1.1;
					};
					09CB91741A8CCB9100579D06 = {
						CreatedOnToolsVersion = 6.1.1;
						TestTargetID = 09CB915B1A8CCB9100579D06;
					};
				};
			};
			buildConfigurationList = 09CB91571A8CCB9100579D06 /* Build configuration list for PBXProject "FileList" */;
			compatibilityVersion = "Xcode 3.2";
			developmentRegion = English;
			hasScannedForEncodings = 0;
			knownRegions = (
				en,
				Base,
			);
			mainGroup = 09CB91531A8CCB9100579D06;
			productRefGroup = 09CB915D1A8CCB9100579D06 /* Products */;
			projectDirPath = "";
			projectRoot = "";
			targets = (
				09CB915B1A8CCB9100579D06 /* FileList */,
				09CB91741A8CCB9100579D06 /* FileListTests */,
			);
		};
/* End PBXProject section */

/* Begin PBXResourcesBuildPhase section */
		09CB915A1A8CCB9100579D06 /* Resources */ = {
			isa = PBXResourcesBuildPhase;
			buildActionMask = 2147483647;
			files = (
				09CB916B1A8CCB9100579D06 /* Main.storyboard in Resources */,
				09CB91701A8CCB9100579D06 /* LaunchScreen.xib in Resources */,
				09CB916D1A8CCB9100579D06 /* Images.xcassets in Resources */,
			);
			runOnlyForDeploymentPostprocessing = 0;
		};
		09CB91731A8CCB9100579D06 /* Resources */ = {
			isa = PBXResourcesBuildPhase;
			buildActionMask = 2147483647;
			files = (
			);
			runOnlyForDeploymentPostprocessing = 0;
		};
/* End PBXResourcesBuildPhase section */

/* Begin PBXSourcesBuildPhase section */
		09CB91581A8CCB9100579D06 /* Sources */ = {
			isa = PBXSourcesBuildPhase;
			buildActionMask = 2147483647;
			files = (
				09CB91871A8CFDA300579D06 /* APIController.m in Sources */,
				09CB91681A8CCB9100579D06 /* ViewController.m in Sources */,
				09CB91651A8CCB9100579D06 /* AppDelegate.m in Sources */,
				09CB91621A8CCB9100579D06 /* main.m in Sources */,
			);
			runOnlyForDeploymentPostprocessing = 0;
		};
		09CB91711A8CCB9100579D06 /* Sources */ = {
			isa = PBXSourcesBuildPhase;
			buildActionMask = 2147483647;
			files = (
				09CB917C1A8CCB9100579D06 /* FileListTests.m in Sources */,
			);
			runOnlyForDeploymentPostprocessing = 0;
		};
/* End PBXSourcesBuildPhase section */

/* Begin PBXTargetDependency section */
		09CB91771A8CCB9100579D06 /* PBXTargetDependency */ = {
			isa = PBXTargetDependency;
			target = 09CB915B1A8CCB9100579D06 /* FileList */;
			targetProxy = 09CB91761A8CCB9100579D06 /* PBXContainerItemProxy */;
		};
/* End PBXTargetDependency section */

/* Begin PBXVariantGroup section */
		09CB91691A8CCB9100579D06 /* Main.storyboard */ = {
			isa = PBXVariantGroup;
			children = (
				09CB916A1A8CCB9100579D06 /* Base */,
			);
			name = Main.storyboard;
			sourceTree = "<group>";
		};
		09CB916E1A8CCB9100579D06 /* LaunchScreen.xib */ = {
			isa = PBXVariantGroup;
			children = (
				09CB916F1A8CCB9100579D06 /* Base */,
			);
			name = LaunchScreen.xib;
			sourceTree = "<group>";
		};
/* End PBXVariantGroup section */

/* Begin XCBuildConfiguration section */
		09CB917D1A8CCB9100579D06 /* Debug */ = {
			isa = XCBuildConfiguration;
			buildSettings = {
				ALWAYS_SEARCH_USER_PATHS = NO;
				CLANG_CXX_LANGUAGE_STANDARD = "gnu++0x";
				CLANG_CXX_LIBRARY = "libc++";
				CLANG_ENABLE_MODULES = YES;
				CLANG_ENABLE_OBJC_ARC = YES;
				CLANG_WARN_BOOL_CONVERSION = YES;
				CLANG_WARN_CONSTANT_CONVERSION = YES;
				CLANG_WARN_DIRECT_OBJC_ISA_USAGE = YES_ERROR;
				CLANG_WARN_EMPTY_BODY = YES;
				CLANG_WARN_ENUM_CONVERSION = YES;
				CLANG_WARN_INT_CONVERSION = YES;
				CLANG_WARN_OBJC_ROOT_CLASS = YES_ERROR;
				CLANG_WARN_UNREACHABLE_CODE = YES;
				CLANG_WARN__DUPLICATE_METHOD_MATCH = YES;
				"CODE_SIGN_IDENTITY[sdk=iphoneos*]" = "iPhone Developer";
				COPY_PHASE_STRIP = NO;
				ENABLE_STRICT_OBJC_MSGSEND = YES;
				GCC_C_LANGUAGE_STANDARD = gnu99;
				GCC_DYNAMIC_NO_PIC = NO;
				GCC_OPTIMIZATION_LEVEL = 0;
				GCC_PREPROCESSOR_DEFINITIONS = (
					"DEBUG=1",
					"$(inherited)",
				);
				GCC_SYMBOLS_PRIVATE_EXTERN = NO;
				GCC_WARN_64_TO_32_BIT_CONVERSION = YES;
				GCC_WARN_ABOUT_RETURN_TYPE = YES_ERROR;
				GCC_WARN_UNDECLARED_SELECTOR = YES;
				GCC_WARN_UNINITIALIZED_AUTOS = YES_AGGRESSIVE;
				GCC_WARN_UNUSED_FUNCTION = YES;
				GCC_WARN_UNUSED_VARIABLE = YES;
				IPHONEOS_DEPLOYMENT_TARGET = 8.1;
				MTL_ENABLE_DEBUG_INFO = YES;
				ONLY_ACTIVE_ARCH = YES;
				SDKROOT = iphoneos;
			};
			name = Debug;
		};
		09CB917E1A8CCB9100579D06 /* Release */ = {
			isa = XCBuildConfiguration;
			buildSettings = {
				ALWAYS_SEARCH_USER_PATHS = NO;
				CLANG_CXX_LANGUAGE_STANDARD = "gnu++0x";
				CLANG_CXX_LIBRARY = "libc++";
				CLANG_ENABLE_MODULES = YES;
				CLANG_ENABLE_OBJC_ARC = YES;
				CLANG_WARN_BOOL_CONVERSION = YES;
				CLANG_WARN_CONSTANT_CONVERSION = YES;
				CLANG_WARN_DIRECT_OBJC_ISA_USAGE = YES_ERROR;
				CLANG_WARN_EMPTY_BODY = YES;
				CLANG_WARN_ENUM_CONVERSION = YES;
				CLANG_WARN_INT_CONVERSION = YES;
				CLANG_WARN_OBJC_ROOT_CLASS = YES_ERROR;
				CLANG_WARN_UNREACHABLE_CODE = YES;
				CLANG_WARN__DUPLICATE_METHOD_MATCH = YES;
				"CODE_SIGN_IDENTITY[sdk=iphoneos*]" = "iPhone Developer";
				COPY_PHASE_STRIP = YES;
				ENABLE_NS_ASSERTIONS = NO;
				ENABLE_STRICT_OBJC_MSGSEND = YES;
				GCC_C_LANGUAGE_STANDARD = gnu99;
				GCC_WARN_64_TO_32_BIT_CONVERSION = YES;
				GCC_WARN_ABOUT_RETURN_TYPE = YES_ERROR;
				GCC_WARN_UNDECLARED_SELECTOR = YES;
				GCC_WARN_UNINITIALIZED_AUTOS = YES_AGGRESSIVE;
				GCC_WARN_UNUSED_FUNCTION = YES;
				GCC_WARN_UNUSED_VARIABLE = YES;
				IPHONEOS_DEPLOYMENT_TARGET = 8.1;
				MTL_ENABLE_DEBUG_INFO = NO;
				SDKROOT = iphoneos;
				VALIDATE_PRODUCT = YES;
			};
			name = Release;
		};
		09CB91801A8CCB9100579D06 /* Debug */ = {
			isa = XCBuildConfiguration;
			buildSettings = {
				ASSETCATALOG_COMPILER_APPICON_NAME = AppIcon;
				INFOPLIST_FILE = FileList/Info.plist;
				LD_RUNPATH_SEARCH_PATHS = "$(inherited) @executable_path/Frameworks";
				PRODUCT_NAME = "$(TARGET_NAME)";
			};
			name = Debug;
		};
		09CB91811A8CCB9100579D06 /* Release */ = {
			isa = XCBuildConfiguration;
			buildSettings = {
				ASSETCATALOG_COMPILER_APPICON_NAME = AppIcon;
				INFOPLIST_FILE = FileList/Info.plist;
				LD_RUNPATH_SEARCH_PATHS = "$(inherited) @executable_path/Frameworks";
				PRODUCT_NAME = "$(TARGET_NAME)";
			};
			name = Release;
		};
		09CB91831A8CCB9100579D06 /* Debug */ = {
			isa = XCBuildConfiguration;
			buildSettings = {
				BUNDLE_LOADER = "$(TEST_HOST)";
				FRAMEWORK_SEARCH_PATHS = (
					"$(SDKROOT)/Developer/Library/Frameworks",
					"$(inherited)",
				);
				GCC_PREPROCESSOR_DEFINITIONS = (
					"DEBUG=1",
					"$(inherited)",
				);
				INFOPLIST_FILE = FileListTests/Info.plist;
				LD_RUNPATH_SEARCH_PATHS = "$(inherited) @executable_path/Frameworks @loader_path/Frameworks";
				PRODUCT_NAME = "$(TARGET_NAME)";
				TEST_HOST = "$(BUILT_PRODUCTS_DIR)/FileList.app/FileList";
			};
			name = Debug;
		};
		09CB91841A8CCB9100579D06 /* Release */ = {
			isa = XCBuildConfiguration;
			buildSettings = {
				BUNDLE_LOADER = "$(TEST_HOST)";
				FRAMEWORK_SEARCH_PATHS = (
					"$(SDKROOT)/Developer/Library/Frameworks",
					"$(inherited)",
				);
				INFOPLIST_FILE = FileListTests/Info.plist;
				LD_RUNPATH_SEARCH_PATHS = "$(inherited) @executable_path/Frameworks @loader_path/Frameworks";
				PRODUCT_NAME = "$(TARGET_NAME)";
				TEST_HOST = "$(BUILT_PRODUCTS_DIR)/FileList.app/FileList";
			};
			name = Release;
		};
/* End XCBuildConfiguration section */

/* Begin XCConfigurationList section */
		09CB91571A8CCB9100579D06 /* Build configuration list for PBXProject "FileList" */ = {
			isa = XCConfigurationList;
			buildConfigurations = (
				09CB917D1A8CCB9100579D06 /* Debug */,
				09CB917E1A8CCB9100579D06 /* Release */,
			);
			defaultConfigurationIsVisible = 0;
			defaultConfigurationName = Release;
		};
		09CB917F1A8CCB9100579D06 /* Build configuration list for PBXNativeTarget "FileList" */ = {
			isa = XCConfigurationList;
			buildConfigurations = (
				09CB91801A8CCB9100579D06 /* Debug */,
				09CB91811A8CCB9100579D06 /* Release */,
			);
			defaultConfigurationIsVisible = 0;
			defaultConfigurationName = Release;
		};
		09CB91821A8CCB9100579D06 /* Build configuration list for PBXNativeTarget "FileListTests" */ = {
			isa = XCConfigurationList;
			buildConfigurations = (
				09CB91831A8CCB9100579D06 /* Debug */,
				09CB91841A8CCB9100579D06 /* Release */,
			);
			defaultConfigurationIsVisible = 0;
			defaultConfigurationName = Release;
		};
/* End XCConfigurationList section */
	};
	rootObject = 09CB91541A8CCB9100579D06 /* Project object */;
}
